version: 7
platforms:
- name: osx-arm64
  virtual-packages:
  - __unix=0=0
  - __osx=13.0
  - __archspec=0=m1
environments:
  default:
    channels:
    - url: https://conda.anaconda.org/conda-forge/
    - url: https://conda.anaconda.org/bioconda/
    packages:
      osx-arm64:
      - conda: https://conda.anaconda.org/bioconda/noarch/nextflow-25.10.4-h2a3209d_0.conda
      - conda: https://conda.anaconda.org/bioconda/noarch/nf-test-0.9.5-h2a3209d_0.conda
      - conda: https://conda.anaconda.org/conda-forge/noarch/ca-certificates-2026.7.22-hbd8a1cb_0.conda
      - conda: https://conda.anaconda.org/conda-forge/osx-arm64/c-ares-1.34.8-h1a92334_1.conda
      - conda: https://conda.anaconda.org/conda-forge/osx-arm64/coreutils-9.11-h1a92334_0.conda
      - conda: https://conda.anaconda.org/conda-forge/osx-arm64/curl-8.21.0-hf618e03_4.conda
      - conda: https://conda.anaconda.org/conda-forge/osx-arm64/icu-78.3-py310h579977c_2.conda
      - conda: https://conda.anaconda.org/conda-forge/osx-arm64/krb5-1.22.2-hfd3d5f3_1.conda
      - conda: https://conda.anaconda.org/conda-forge/osx-arm64/libcurl-8.21.0-hf618e03_4.conda
      - conda: https://conda.anaconda.org/conda-forge/osx-arm64/libcxx-22.1.8-h55c6f16_0.conda
      - conda: https://conda.anaconda.org/conda-forge/osx-arm64/libedit-3.1.20250104-pl5321hafb1f1b_0.conda
      - conda: https://conda.anaconda.org/conda-forge/osx-arm64/libev-4.33-h1a92334_3.conda
      - conda: https://conda.anaconda.org/conda-forge/osx-arm64/libnghttp2-1.68.1-h8f3e76b_0.conda
      - conda: https://conda.anaconda.org/conda-forge/osx-arm64/libpsl-0.23.1-h7a62e17_0.conda
      - conda: https://conda.anaconda.org/conda-forge/osx-arm64/libssh2-1.11.1-h1590b86_0.conda
      - conda: https://conda.anaconda.org/conda-forge/osx-arm64/libzlib-1.3.2-h8088a28_3.conda
      - conda: https://conda.anaconda.org/conda-forge/osx-arm64/ncurses-6.6-he64c551_1.conda
      - conda: https://conda.anaconda.org/conda-forge/osx-arm64/openjdk-23.0.2-hfb9339a_2.conda
      - conda: https://conda.anaconda.org/conda-forge/osx-arm64/openssl-3.6.3-hd24854e_1.conda
      - conda: https://conda.anaconda.org/conda-forge/osx-arm64/zstd-1.5.7-hbf9d68e_6.conda
packages:
- conda: https://conda.anaconda.org/bioconda/noarch/nextflow-25.10.4-h2a3209d_0.conda
  sha256: 26917ebbec4133e8d15a6557e3234a976573e46fafda62a28d37d6916d7ad9f9
  md5: 1fc010bbb636e291ca5812bc1a53917b
  depends:
  - coreutils
  - curl
  - openjdk >=17,<=24
  license: Apache-2.0
  run_exports:
    weak:
    - nextflow >=25.10.4,<25.11.0a0
  size: 34829682
  timestamp: 1770744718359
- conda: https://conda.anaconda.org/bioconda/noarch/nf-test-0.9.5-h2a3209d_0.conda
  sha256: a99f62b01c74b01854c01bdebe765110f4754e2245ec536df10a521ad96befd5
  md5: 394b91381c88e5c7df30b7e34fefd6e5
  depends:
  - coreutils
  - curl
  - openjdk >=17,<26
  license: MIT
  run_exports:
    weak:
    - nf-test >=0.9.5,<0.10.0a0
  size: 16542781
  timestamp: 1773937784890
- conda: https://conda.anaconda.org/conda-forge/noarch/ca-certificates-2026.7.22-hbd8a1cb_0.conda
  sha256: 0a0544cf95f64394fe4959286f5c71f5444ad58feb0602e53becb27448d24da6
  md5: 0f51e2391ade309db462a55611263e9c
  depends:
  - __unix
  license: ISC
  run_exports: {}
  size: 131780
  timestamp: 1784754889428
- conda: https://conda.anaconda.org/conda-forge/osx-arm64/c-ares-1.34.8-h1a92334_1.conda
  sha256: 104b41473845649101ba8ebf8221c7431256465d34ce380b10e9a90558ed33ac
  md5: 7d9390a4d4b43f91652823d870f68065
  depends:
  - __osx >=11.0
  constrains:
  - c-ares-static <0a0
  license: MIT
  license_family: MIT
  run_exports:
    weak:
    - c-ares >=1.34.8,<2.0a0
  size: 197274
  timestamp: 1786116660078
- conda: https://conda.anaconda.org/conda-forge/osx-arm64/coreutils-9.11-h1a92334_0.conda
  sha256: c121e881b96fdbb1f91fbd1e288c9eab062b345f381521db27a514669c1fc5ef
  md5: b9c285813535217aba1d2c8b55bf947a
  depends:
  - __osx >=11.0
  license: GPL-3.0-or-later
  license_family: GPL
  run_exports: {}
  size: 1624074
  timestamp: 1786403832459
- conda: https://conda.anaconda.org/conda-forge/osx-arm64/curl-8.21.0-hf618e03_4.conda
  sha256: ec606fd8e789f6a13c3d7c8c14b3ce616191ebd10a7d216d7149e8840aadfbb9
  md5: b6c94f8b09905110a958584e2436e497
  depends:
  - __osx >=11.0
  - krb5 >=1.22.2,<1.23.0a0
  - libcurl 8.21.0 hf618e03_4
  - libpsl >=0.23.0,<0.24.0a0
  - libssh2 >=1.11.1,<2.0a0
  - libzlib >=1.3.2,<2.0a0
  - openssl >=3.5.7,<4.0a0
  - zstd >=1.5.7,<1.6.0a0
  license: curl
  license_family: MIT
  run_exports: {}
  size: 181023
  timestamp: 1785500142429
- conda: https://conda.anaconda.org/conda-forge/osx-arm64/icu-78.3-py310h579977c_2.conda
  sha256: 6cdb5dee54c72e56ab189fb3ad33cb28533553d42590e7e831160248f4416a43
  md5: a5efc0b42bb8b42e97d0a29ae3e3c187
  depends:
  - __osx >=11.0
  license: MIT
  run_exports:
    weak:
    - icu >=78.3,<79.0a0
  size: 14070242
  timestamp: 1786545847761
- conda: https://conda.anaconda.org/conda-forge/osx-arm64/krb5-1.22.2-hfd3d5f3_1.conda
  sha256: c740e4a2e7247776a9883158fdab50ae0732c8f67f96d8f1db8ad9da5e0b5222
  md5: 8780f41b013d19219faef9c82260744b
  depends:
  - __osx >=11.0
  - libcxx >=19
  - libedit >=3.1.20250104,<3.2.0a0
  - libedit >=3.1.20250104,<4.0a0
  - openssl >=3.5.7,<4.0a0
  license: MIT
  license_family: MIT
  run_exports:
    weak:
    - krb5 >=1.22.2,<1.23.0a0
  size: 1159780
  timestamp: 1781859501654
- conda: https://conda.anaconda.org/conda-forge/osx-arm64/libcurl-8.21.0-hf618e03_4.conda
  sha256: d25be36712d7f854a5f93513b9fbf1b0ee3219975b7fef4a3ee071b021b10167
  md5: 66cf9c5003ee81ecdb0dc9f9df17bbe5
  depends:
  - __osx >=11.0
  - krb5 >=1.22.2,<1.23.0a0
  - libnghttp2 >=1.68.1,<2.0a0
  - libpsl >=0.23.0,<0.24.0a0
  - libssh2 >=1.11.1,<2.0a0
  - libzlib >=1.3.2,<2.0a0
  - openssl >=3.5.7,<4.0a0
  - zstd >=1.5.7,<1.6.0a0
  license: curl
  license_family: MIT
  run_exports:
    weak:
    - libcurl >=8.21.0,<9.0a0
  size: 411491
  timestamp: 1785500129743
- conda: https://conda.anaconda.org/conda-forge/osx-arm64/libcxx-22.1.8-h55c6f16_0.conda
  sha256: a2e7abab5add9750fab064c024394de48e49f97631c605ad5db5c8ac3fc769ef
  md5: 89f76a2a21a3ec3ec983b5eb237c4113
  depends:
  - __osx >=11.0
  license: Apache-2.0 WITH LLVM-exception
  license_family: Apache
  run_exports: {}
  size: 569349
  timestamp: 1781670209146
- conda: https://conda.anaconda.org/conda-forge/osx-arm64/libedit-3.1.20250104-pl5321hafb1f1b_0.conda
  sha256: 66aa216a403de0bb0c1340a88d1a06adaff66bae2cfd196731aa24db9859d631
  md5: 44083d2d2c2025afca315c7a172eab2b
  depends:
  - ncurses
  - __osx >=11.0
  - ncurses >=6.5,<7.0a0
  license: BSD-2-Clause
  license_family: BSD
  run_exports:
    weak:
    - libedit >=3.1.20250104,<3.2.0a0
  size: 107691
  timestamp: 1738479560845
- conda: https://conda.anaconda.org/conda-forge/osx-arm64/libev-4.33-h1a92334_3.conda
  sha256: c0100064506ae8abb432c5a506d474f10af2cf48c33d62bc221fb28b6d6ff6ac
  md5: 19e86c8a6a47e92bb2e70ca12e758c5c
  depends:
  - __osx >=11.0
  license: BSD-2-Clause OR GPL-2.0-or-later
  license_family: GPL
  run_exports:
    weak:
    - libev >=4.33,<4.34.0a0
  size: 39991
  timestamp: 1785917376956
- conda: https://conda.anaconda.org/conda-forge/osx-arm64/libnghttp2-1.68.1-h8f3e76b_0.conda
  sha256: 2bc7bc3978066f2c274ebcbf711850cc9ab92e023e433b9631958a098d11e10a
  md5: 6ea18834adbc3b33df9bd9fb45eaf95b
  depends:
  - __osx >=11.0
  - c-ares >=1.34.6,<2.0a0
  - libcxx >=19
  - libev >=4.33,<4.34.0a0
  - libev >=4.33,<5.0a0
  - libzlib >=1.3.1,<2.0a0
  - openssl >=3.5.5,<4.0a0
  license: MIT
  license_family: MIT
  run_exports:
    weak:
    - libnghttp2 >=1.68.1,<2.0a0
  size: 576526
  timestamp: 1773854624224
- conda: https://conda.anaconda.org/conda-forge/osx-arm64/libpsl-0.23.1-h7a62e17_0.conda
  sha256: 0140cb0d059ac531e476b85a543668b69b7dffec16f0d26269ab6c9b70546921
  md5: 75a4cdf128d016141db61732ea462276
  depends:
  - __osx >=11.0
  - libcxx >=19
  - icu >=78.3,<79.0a0
  license: MIT
  license_family: MIT
  run_exports:
    weak:
    - libpsl >=0.23.1,<0.24.0a0
  size: 72950
  timestamp: 1786443660105
- conda: https://conda.anaconda.org/conda-forge/osx-arm64/libssh2-1.11.1-h1590b86_0.conda
  sha256: 8bfe837221390ffc6f111ecca24fa12d4a6325da0c8d131333d63d6c37f27e0a
  md5: b68e8f66b94b44aaa8de4583d3d4cc40
  depends:
  - libzlib >=1.3.1,<2.0a0
  - openssl >=3.5.0,<4.0a0
  license: BSD-3-Clause
  license_family: BSD
  run_exports:
    weak:
    - libssh2 >=1.11.1,<2.0a0
  size: 279193
  timestamp: 1745608793272
- conda: https://conda.anaconda.org/conda-forge/osx-arm64/libzlib-1.3.2-h8088a28_3.conda
  sha256: a18fa5d5bac452401459f966cf0d872224e8080c4ff93c77e168d43ab42ef9d7
  md5: f39288f0ea63ae962e1a2e4f355a0d75
  depends:
  - __osx >=11.0
  constrains:
  - zlib 1.3.2 *_3
  license: Zlib
  license_family: Other
  run_exports:
    weak:
    - libzlib >=1.3.2,<2.0a0
  size: 47822
  timestamp: 1785277049190
- conda: https://conda.anaconda.org/conda-forge/osx-arm64/ncurses-6.6-he64c551_1.conda
  sha256: 7024a48c8c0d0114ed4ab53c76bf9275d50e91ba7cea367a9aead638d3c29c68
  md5: 3dfa0d0316dc246cd44937a557de4501
  depends:
  - __osx >=11.0
  license: X11 AND BSD-3-Clause
  run_exports:
    weak:
    - ncurses >=6.6,<7.0a0
  size: 804298
  timestamp: 1786355189145
- conda: https://conda.anaconda.org/conda-forge/osx-arm64/openjdk-23.0.2-hfb9339a_2.conda
  sha256: f16143181808731b74e03b191a1d859cfb6dc7ed066f9d567808c438e9770f85
  md5: 6e330bfe359f78e2313eaecf8ca1529c
  depends:
  - libzlib >=1.3.1,<2.0a0
  license: GPL-2.0-or-later WITH Classpath-exception-2.0
  license_family: GPL
  run_exports: {}
  size: 183373664
  timestamp: 1743198731576
- conda: https://conda.anaconda.org/conda-forge/osx-arm64/openssl-3.6.3-hd24854e_1.conda
  sha256: 66be2283b5b37dcda1332b5e74c1782a8cb14fd2e62e0d38017c2d35bf73c119
  md5: 65d1906712b85d1679263c518d011b5b
  depends:
  - __osx >=11.0
  - ca-certificates
  license: Apache-2.0
  license_family: Apache
  run_exports:
    weak:
    - openssl >=3.6.3,<4.0a0
  size: 3109132
  timestamp: 1785913735357
- conda: https://conda.anaconda.org/conda-forge/osx-arm64/zstd-1.5.7-hbf9d68e_6.conda
  sha256: 9485ba49e8f47d2b597dd399e88f4802e100851b27c21d7525625b0b4025a5d9
  md5: ab136e4c34e97f34fb621d2592a393d8
  depends:
  - __osx >=11.0
  - libzlib >=1.3.1,<2.0a0
  license: BSD-3-Clause
  license_family: BSD
  run_exports:
    weak:
    - zstd >=1.5.7,<1.6.0a0
  size: 433413
  timestamp: 1764777166076
